<?xml version="1.0" encoding="utf-8"?>
<Project ToolsVersion="4.0" xmlns="http://schemas.microsoft.com/developer/msbuild/2003">
  <ItemGroup>
    <Filter Include="Исходные файлы">
      <UniqueIdentifier>{4FC737F1-C7A5-4376-A066-2A32D752A2FF}</UniqueIdentifier>
      <Extensions>cpp;c;cc;cxx;def;odl;idl;hpj;bat;asm;asmx</Extensions>
    </Filter>
    <Filter Include="Файлы заголовков">
      <UniqueIdentifier>{93995380-89BD-4b04-88EB-625FBE52EBFB}</UniqueIdentifier>
      <Extensions>h;hh;hpp;hxx;hm;inl;inc;ipp;xsd</Extensions>
    </Filter>
    <Filter Include="Файлы ресурсов">
      <UniqueIdentifier>{67DA6AB6-F800-4c08-8B7A-83BB121AAD01}</UniqueIdentifier>
      <Extensions>rc;ico;cur;bmp;dlg;rc2;rct;bin;rgs;gif;jpg;jpeg;jpe;resx;tiff;tif;png;wav;mfcribbon-ms</Extensions>
    </Filter>
    <Filter Include="Файлы заголовков\beings">
      <UniqueIdentifier>{99288e91-e422-450f-acf2-533188599287}</UniqueIdentifier>
    </Filter>
    <Filter Include="Файлы заголовков\abstract">
      <UniqueIdentifier>{7657232a-2baf-45d6-addb-a272dd0cf069}</UniqueIdentifier>
    </Filter>
    <Filter Include="Файлы заголовков\abstract\interfaces">
      <UniqueIdentifier>{d54fefdb-811f-428b-8cba-05428d712ef4}</UniqueIdentifier>
    </Filter>
    <Filter Include="Файлы заголовков\abstract\shapes">
      <UniqueIdentifier>{686a7254-7813-48db-8cf4-712454b1ac81}</UniqueIdentifier>
    </Filter>
    <Filter Include="Исходные файлы\abstract">
      <UniqueIdentifier>{aa941994-5dd1-4c7e-a746-239f8a57505d}</UniqueIdentifier>
    </Filter>
    <Filter Include="Исходные файлы\abstract\shapes">
      <UniqueIdentifier>{ec9ced0a-1acf-4f13-bec8-e3ec97651c42}</UniqueIdentifier>
    </Filter>
    <Filter Include="Исходные файлы\abstract\shapes\circle">
      <UniqueIdentifier>{8e9f476f-6dc4-4576-b902-5f39c8579180}</UniqueIdentifier>
    </Filter>
    <Filter Include="Файлы заголовков\structs">
      <UniqueIdentifier>{5efffc52-e06a-44d6-a1ae-9cab54e3ce22}</UniqueIdentifier>
    </Filter>
    <Filter Include="Исходные файлы\structs">
      <UniqueIdentifier>{7ba4e110-cd06-4052-94e1-99350a593d6f}</UniqueIdentifier>
    </Filter>
    <Filter Include="Исходные файлы\structs\point">
      <UniqueIdentifier>{e1851e43-a27f-4389-ae00-236be872b8d3}</UniqueIdentifier>
    </Filter>
    <Filter Include="Исходные файлы\beings">
      <UniqueIdentifier>{4879aa72-947e-498d-bd1e-e4dc370a9508}</UniqueIdentifier>
    </Filter>
    <Filter Include="Исходные файлы\beings\spacecraft">
      <UniqueIdentifier>{423fb7f3-8e25-4ab8-b32c-824a2f536fc0}</UniqueIdentifier>
    </Filter>
    <Filter Include="Исходные файлы\beings\rocket">
      <UniqueIdentifier>{b867594e-7d05-468b-90bd-ffefd1d6afb3}</UniqueIdentifier>
    </Filter>
    <Filter Include="Исходные файлы\abstract\being">
      <UniqueIdentifier>{476f7da6-8a7d-4960-aad6-6b3e1b32515c}</UniqueIdentifier>
    </Filter>
    <Filter Include="Файлы заголовков\environment">
      <UniqueIdentifier>{4be82b14-d99b-42de-bbb9-0d1f5956ad62}</UniqueIdentifier>
    </Filter>
    <Filter Include="Исходные файлы\environment">
      <UniqueIdentifier>{51734357-107b-4fe2-8c8c-ca374e7b673e}</UniqueIdentifier>
    </Filter>
    <Filter Include="Файлы заголовков\player">
      <UniqueIdentifier>{95693785-9f8b-44ff-809e-c6f949da336f}</UniqueIdentifier>
    </Filter>
    <Filter Include="Файлы заголовков\beings\projectiles">
      <UniqueIdentifier>{8b7494f2-1125-43ab-a44b-62d8bf25c6a1}</UniqueIdentifier>
    </Filter>
    <Filter Include="Файлы заголовков\beings\asteroids">
      <UniqueIdentifier>{55bf91f0-458c-48a6-8d11-ddd9aacb10e6}</UniqueIdentifier>
    </Filter>
    <Filter Include="Исходные файлы\player">
      <UniqueIdentifier>{d72034bc-a53c-4240-94bb-26c5f66cae76}</UniqueIdentifier>
    </Filter>
    <Filter Include="Исходные файлы\player\stats">
      <UniqueIdentifier>{3d7ff5c4-0d93-415b-a8b4-7e0d81799e3b}</UniqueIdentifier>
    </Filter>
  </ItemGroup>
  <ItemGroup>
    <ClCompile Include="Asteroids.cpp">
      <Filter>Исходные файлы</Filter>
    </ClCompile>
    <ClCompile Include="circle_is_collides_with.cpp">
      <Filter>Исходные файлы\abstract\shapes\circle</Filter>
    </ClCompile>
    <ClCompile Include="point_operators.cpp">
      <Filter>Исходные файлы\structs\point</Filter>
    </ClCompile>
    <ClCompile Include="point_get_sqr_dist.cpp">
      <Filter>Исходные файлы\structs\point</Filter>
    </ClCompile>
    <ClCompile Include="spacecraft_draw.cpp">
      <Filter>Исходные файлы\beings\spacecraft</Filter>
    </ClCompile>
    <ClCompile Include="spacecraft_is_living.cpp">
      <Filter>Исходные файлы\beings\spacecraft</Filter>
    </ClCompile>
    <ClCompile Include="rocket_draw.cpp">
      <Filter>Исходные файлы\beings\rocket</Filter>
    </ClCompile>
    <ClCompile Include="rocket_is_living.cpp">
      <Filter>Исходные файлы\beings\rocket</Filter>
    </ClCompile>
    <ClCompile Include="being_is_living.cpp">
      <Filter>Исходные файлы\abstract\being</Filter>
    </ClCompile>
    <ClCompile Include="window.cpp">
      <Filter>Исходные файлы\environment</Filter>
    </ClCompile>
    <ClCompile Include="player_stats_getters.cpp">
      <Filter>Исходные файлы\player\stats</Filter>
    </ClCompile>
  </ItemGroup>
  <ItemGroup>
    <ClInclude Include="IDrawable.hpp">
      <Filter>Файлы заголовков\abstract\interfaces</Filter>
    </ClInclude>
    <ClInclude Include="ILiving.hpp">
      <Filter>Файлы заголовков\abstract\interfaces</Filter>
    </ClInclude>
    <ClInclude Include="being.hpp">
      <Filter>Файлы заголовков\abstract</Filter>
    </ClInclude>
    <ClInclude Include="circle.hpp">
      <Filter>Файлы заголовков\abstract\shapes</Filter>
    </ClInclude>
    <ClInclude Include="shape.hpp">
      <Filter>Файлы заголовков\abstract\shapes</Filter>
    </ClInclude>
    <ClInclude Include="shape_type.hpp">
      <Filter>Файлы заголовков\abstract\shapes</Filter>
    </ClInclude>
    <ClInclude Include="point.hpp">
      <Filter>Файлы заголовков\structs</Filter>
    </ClInclude>
    <ClInclude Include="spacecraft.hpp">
      <Filter>Файлы заголовков\beings</Filter>
    </ClInclude>
    <ClInclude Include="window.hpp">
      <Filter>Файлы заголовков\environment</Filter>
    </ClInclude>
    <ClInclude Include="player_stats.hpp">
      <Filter>Файлы заголовков\player</Filter>
    </ClInclude>
    <ClInclude Include="upgrade_type.hpp">
      <Filter>Файлы заголовков\player</Filter>
    </ClInclude>
    <ClInclude Include="projectile.hpp">
      <Filter>Файлы заголовков\beings\projectiles</Filter>
    </ClInclude>
    <ClInclude Include="projectile_type.hpp">
      <Filter>Файлы заголовков\beings\projectiles</Filter>
    </ClInclude>
    <ClInclude Include="rocket.hpp">
      <Filter>Файлы заголовков\beings\projectiles</Filter>
    </ClInclude>
    <ClInclude Include="asteroid_type.hpp">
      <Filter>Файлы заголовков\beings\asteroids</Filter>
    </ClInclude>
  </ItemGroup>
</Project>