<?xml version="1.0" encoding="utf-8"?>
<Project ToolsVersion="4.0" xmlns="http://schemas.microsoft.com/developer/msbuild/2003">
  <ItemGroup>
    <Filter Include="Исходные файлы">
      <UniqueIdentifier>{4FC737F1-C7A5-4376-A066-2A32D752A2FF}</UniqueIdentifier>
      <Extensions>cpp;c;cc;cxx;def;odl;idl;hpj;bat;asm;asmx</Extensions>
    </Filter>
    <Filter Include="Файлы заголовков">
      <UniqueIdentifier>{93995380-89BD-4b04-88EB-625FBE52EBFB}</UniqueIdentifier>
      <Extensions>h;hh;hpp;hxx;hm;inl;inc;ipp;xsd</Extensions>
    </Filter>
    <Filter Include="Файлы ресурсов">
      <UniqueIdentifier>{67DA6AB6-F800-4c08-8B7A-83BB121AAD01}</UniqueIdentifier>
      <Extensions>rc;ico;cur;bmp;dlg;rc2;rct;bin;rgs;gif;jpg;jpeg;jpe;resx;tiff;tif;png;wav;mfcribbon-ms</Extensions>
    </Filter>
    <Filter Include="Файлы заголовков\beings">
      <UniqueIdentifier>{d57aca1a-397f-4e6d-92dc-5e862834672b}</UniqueIdentifier>
    </Filter>
    <Filter Include="Исходные файлы\beings">
      <UniqueIdentifier>{bd63f270-85a9-4e0c-bcef-01a4aea647e4}</UniqueIdentifier>
    </Filter>
    <Filter Include="Файлы заголовков\sprites_init">
      <UniqueIdentifier>{69c8805b-ce2c-4173-b0db-6aad09872d74}</UniqueIdentifier>
    </Filter>
    <Filter Include="Исходные файлы\init_sprites">
      <UniqueIdentifier>{0da33c41-61b4-4cbb-a0dd-930df20dcef9}</UniqueIdentifier>
    </Filter>
    <Filter Include="Исходные файлы\beings\Spacecraft">
      <UniqueIdentifier>{8372e2f3-d441-4353-b361-8f311af0f425}</UniqueIdentifier>
    </Filter>
    <Filter Include="Исходные файлы\beings\Asteroid">
      <UniqueIdentifier>{b70f0768-286c-4c19-9495-48286c5e919e}</UniqueIdentifier>
    </Filter>
    <Filter Include="Исходные файлы\beings\Projectile">
      <UniqueIdentifier>{849f68e7-d3d8-4ef3-a3be-ff4fbfcad8b6}</UniqueIdentifier>
    </Filter>
    <Filter Include="Исходные файлы\beings\AbstractEntity">
      <UniqueIdentifier>{d7a8cd2a-84d1-4eb7-94fe-a2bac63c0e64}</UniqueIdentifier>
    </Filter>
    <Filter Include="Исходные файлы\beings\Explosion">
      <UniqueIdentifier>{b2d77d5e-ac5a-4bc6-8cb1-28a15817810d}</UniqueIdentifier>
    </Filter>
    <Filter Include="Исходные файлы\MainProgramm">
      <UniqueIdentifier>{75a2ea47-3d02-4180-89ac-1fd9b55fe5ea}</UniqueIdentifier>
    </Filter>
    <Filter Include="Файлы заголовков\environment">
      <UniqueIdentifier>{246fc09f-0c45-4656-ae28-de2bd1faded3}</UniqueIdentifier>
    </Filter>
    <Filter Include="Исходные файлы\environment">
      <UniqueIdentifier>{17319288-ae09-4f02-bfd4-8ccf1731de21}</UniqueIdentifier>
    </Filter>
    <Filter Include="Исходные файлы\env_classes">
      <UniqueIdentifier>{4dcbd214-1bad-4c85-bc71-48d47a389809}</UniqueIdentifier>
    </Filter>
    <Filter Include="Исходные файлы\env_classes\PlayerStats">
      <UniqueIdentifier>{ed5ea435-805a-48f3-a16d-9d4e00e9d31a}</UniqueIdentifier>
    </Filter>
    <Filter Include="Исходные файлы\env_classes\PlayerStats\Shop">
      <UniqueIdentifier>{c3e6da86-e512-45a8-8166-2c8f95378c5f}</UniqueIdentifier>
    </Filter>
    <Filter Include="Исходные файлы\env_classes\AsteroidGenerator">
      <UniqueIdentifier>{4a161869-f7dc-4282-8702-b533e137590d}</UniqueIdentifier>
    </Filter>
    <Filter Include="Исходные файлы\MainProgramm\shop_results">
      <UniqueIdentifier>{b2e8b59e-d81e-4836-9f94-7e7a0e70e450}</UniqueIdentifier>
    </Filter>
    <Filter Include="Исходные файлы\env_classes\PlayerStats\Physiology">
      <UniqueIdentifier>{f86ca098-4746-4165-9a0d-9874d02c7bce}</UniqueIdentifier>
    </Filter>
    <Filter Include="Исходные файлы\MainProgramm\draw">
      <UniqueIdentifier>{aaf6c62a-0307-4887-9548-afb25b54cb7e}</UniqueIdentifier>
    </Filter>
    <Filter Include="Исходные файлы\MainProgramm\draw\gui">
      <UniqueIdentifier>{79c89e82-8949-4f10-9fc2-12c024c48110}</UniqueIdentifier>
    </Filter>
    <Filter Include="Файлы заголовков\env_classes">
      <UniqueIdentifier>{3222eafb-008f-449f-bb13-adf6edc5bb3b}</UniqueIdentifier>
    </Filter>
    <Filter Include="Исходные файлы\env_classes\PlayerStats\Draw">
      <UniqueIdentifier>{c52dce55-ef1e-4bd4-acb8-10b9920d9119}</UniqueIdentifier>
    </Filter>
  </ItemGroup>
  <ItemGroup>
    <ClCompile Include="Asteroids.cpp">
      <Filter>Исходные файлы</Filter>
    </ClCompile>
    <ClCompile Include="init_textures.cpp">
      <Filter>Исходные файлы\init_sprites</Filter>
    </ClCompile>
    <ClCompile Include="init_file_paths.cpp">
      <Filter>Исходные файлы\init_sprites</Filter>
    </ClCompile>
    <ClCompile Include="init_sprites.cpp">
      <Filter>Исходные файлы\init_sprites</Filter>
    </ClCompile>
    <ClCompile Include="spacecraft_thrust.cpp">
      <Filter>Исходные файлы\beings\Spacecraft</Filter>
    </ClCompile>
    <ClCompile Include="spacecraft_blast.cpp">
      <Filter>Исходные файлы\beings\Spacecraft</Filter>
    </ClCompile>
    <ClCompile Include="spacecraft_move.cpp">
      <Filter>Исходные файлы\beings\Spacecraft</Filter>
    </ClCompile>
    <ClCompile Include="spacecraft_draw.cpp">
      <Filter>Исходные файлы\beings\Spacecraft</Filter>
    </ClCompile>
    <ClCompile Include="Spacecraft.cpp">
      <Filter>Исходные файлы\beings\Spacecraft</Filter>
    </ClCompile>
    <ClCompile Include="Projectile.cpp">
      <Filter>Исходные файлы\beings\Projectile</Filter>
    </ClCompile>
    <ClCompile Include="Asteroid.cpp">
      <Filter>Исходные файлы\beings\Asteroid</Filter>
    </ClCompile>
    <ClCompile Include="projectile_collide.cpp">
      <Filter>Исходные файлы\beings\Projectile</Filter>
    </ClCompile>
    <ClCompile Include="Explosion.cpp">
      <Filter>Исходные файлы\beings\Explosion</Filter>
    </ClCompile>
    <ClCompile Include="enitty_getters.cpp">
      <Filter>Исходные файлы\beings\AbstractEntity</Filter>
    </ClCompile>
    <ClCompile Include="entity_is_dead.cpp">
      <Filter>Исходные файлы\beings\AbstractEntity</Filter>
    </ClCompile>
    <ClCompile Include="entity_draw.cpp">
      <Filter>Исходные файлы\beings\AbstractEntity</Filter>
    </ClCompile>
    <ClCompile Include="entity_move.cpp">
      <Filter>Исходные файлы\beings\AbstractEntity</Filter>
    </ClCompile>
    <ClCompile Include="asteroid_collide.cpp">
      <Filter>Исходные файлы\beings\Asteroid</Filter>
    </ClCompile>
    <ClCompile Include="event_handler.cpp">
      <Filter>Исходные файлы\MainProgramm</Filter>
    </ClCompile>
    <ClCompile Include="interact.cpp">
      <Filter>Исходные файлы\MainProgramm</Filter>
    </ClCompile>
    <ClCompile Include="collide.cpp">
      <Filter>Исходные файлы\MainProgramm</Filter>
    </ClCompile>
    <ClCompile Include="live.cpp">
      <Filter>Исходные файлы\MainProgramm</Filter>
    </ClCompile>
    <ClCompile Include="move.cpp">
      <Filter>Исходные файлы\MainProgramm</Filter>
    </ClCompile>
    <ClCompile Include="point.cpp">
      <Filter>Исходные файлы\environment</Filter>
    </ClCompile>
    <ClCompile Include="environment.cpp">
      <Filter>Исходные файлы\environment</Filter>
    </ClCompile>
    <ClCompile Include="PlayerStats.cpp">
      <Filter>Исходные файлы\env_classes\PlayerStats</Filter>
    </ClCompile>
    <ClCompile Include="heal.cpp">
      <Filter>Исходные файлы\env_classes\PlayerStats\Shop</Filter>
    </ClCompile>
    <ClCompile Include="reinforce.cpp">
      <Filter>Исходные файлы\env_classes\PlayerStats\Shop</Filter>
    </ClCompile>
    <ClCompile Include="upgrade.cpp">
      <Filter>Исходные файлы\env_classes\PlayerStats\Shop</Filter>
    </ClCompile>
    <ClCompile Include="getters.cpp">
      <Filter>Исходные файлы\env_classes\PlayerStats</Filter>
    </ClCompile>
    <ClCompile Include="create_asteroid.cpp">
      <Filter>Исходные файлы\env_classes\AsteroidGenerator</Filter>
    </ClCompile>
    <ClCompile Include="spacecraft_key_pressed.cpp">
      <Filter>Исходные файлы\beings\Spacecraft</Filter>
    </ClCompile>
    <ClCompile Include="key_pressed.cpp">
      <Filter>Исходные файлы\MainProgramm</Filter>
    </ClCompile>
    <ClCompile Include="draw_buy.cpp">
      <Filter>Исходные файлы\MainProgramm\shop_results</Filter>
    </ClCompile>
    <ClCompile Include="AsteroidGenerator.cpp">
      <Filter>Исходные файлы\env_classes\AsteroidGenerator</Filter>
    </ClCompile>
    <ClCompile Include="heal_up.cpp">
      <Filter>Исходные файлы\env_classes\PlayerStats\Physiology</Filter>
    </ClCompile>
    <ClCompile Include="hit.cpp">
      <Filter>Исходные файлы\env_classes\PlayerStats\Physiology</Filter>
    </ClCompile>
    <ClCompile Include="spacecraft_is_dead.cpp">
      <Filter>Исходные файлы\beings\Spacecraft</Filter>
    </ClCompile>
    <ClCompile Include="spacecraft_collide.cpp">
      <Filter>Исходные файлы\beings\Spacecraft</Filter>
    </ClCompile>
    <ClCompile Include="asteroid_destroyed.cpp">
      <Filter>Исходные файлы\env_classes\PlayerStats</Filter>
    </ClCompile>
    <ClCompile Include="is_able_to_blast.cpp">
      <Filter>Исходные файлы\env_classes\PlayerStats</Filter>
    </ClCompile>
    <ClCompile Include="player_stats_tick.cpp">
      <Filter>Исходные файлы\env_classes\PlayerStats</Filter>
    </ClCompile>
    <ClCompile Include="player_stats_blast.cpp">
      <Filter>Исходные файлы\env_classes\PlayerStats</Filter>
    </ClCompile>
    <ClCompile Include="draw.cpp">
      <Filter>Исходные файлы\MainProgramm\draw</Filter>
    </ClCompile>
    <ClCompile Include="draw_gui.cpp">
      <Filter>Исходные файлы\MainProgramm\draw\gui</Filter>
    </ClCompile>
    <ClCompile Include="draw_hp.cpp">
      <Filter>Исходные файлы\env_classes\PlayerStats\Draw</Filter>
    </ClCompile>
    <ClCompile Include="draw_upgrades.cpp">
      <Filter>Исходные файлы\env_classes\PlayerStats\Draw</Filter>
    </ClCompile>
    <ClCompile Include="draw_funds.cpp">
      <Filter>Исходные файлы\env_classes\PlayerStats\Draw</Filter>
    </ClCompile>
    <ClCompile Include="player_stats_draw.cpp">
      <Filter>Исходные файлы\env_classes\PlayerStats\Draw</Filter>
    </ClCompile>
  </ItemGroup>
  <ItemGroup>
    <ClInclude Include="Entity.hpp">
      <Filter>Файлы заголовков\beings</Filter>
    </ClInclude>
    <ClInclude Include="Spacecraft.hpp">
      <Filter>Файлы заголовков\beings</Filter>
    </ClInclude>
    <ClInclude Include="init_sprites.hpp">
      <Filter>Файлы заголовков\sprites_init</Filter>
    </ClInclude>
    <ClInclude Include="Projectile.hpp">
      <Filter>Файлы заголовков\beings</Filter>
    </ClInclude>
    <ClInclude Include="Asteroid.hpp">
      <Filter>Файлы заголовков\beings</Filter>
    </ClInclude>
    <ClInclude Include="Explosion.hpp">
      <Filter>Файлы заголовков\beings</Filter>
    </ClInclude>
    <ClInclude Include="environment_functions.hpp">
      <Filter>Файлы заголовков\environment</Filter>
    </ClInclude>
    <ClInclude Include="environment.hpp">
      <Filter>Файлы заголовков\environment</Filter>
    </ClInclude>
    <ClInclude Include="point.hpp">
      <Filter>Файлы заголовков\environment</Filter>
    </ClInclude>
    <ClInclude Include="directions.hpp">
      <Filter>Файлы заголовков\environment</Filter>
    </ClInclude>
    <ClInclude Include="libs.hpp">
      <Filter>Файлы заголовков\environment</Filter>
    </ClInclude>
    <ClInclude Include="sprite_names.hpp">
      <Filter>Файлы заголовков\sprites_init</Filter>
    </ClInclude>
    <ClInclude Include="PlayerStats.hpp">
      <Filter>Файлы заголовков\env_classes</Filter>
    </ClInclude>
    <ClInclude Include="AsteroidGenerator.hpp">
      <Filter>Файлы заголовков\env_classes</Filter>
    </ClInclude>
    <ClInclude Include="gui.hpp">
      <Filter>Файлы заголовков\environment</Filter>
    </ClInclude>
  </ItemGroup>
</Project>